# THIS IS AN AUTOGENERATED FILE. DO NOT EDIT THIS FILE DIRECTLY.
# yarn lockfile v1


dotenv@^16.4.7:
  version "16.4.7"
  resolved "https://registry.yarnpkg.com/dotenv/-/dotenv-16.4.7.tgz#0e20c5b82950140aa99be360a8a5f52335f53c26"
  integrity sha512-47qPchRCykZC03FhkYAhrvwU4xDBFIj1QPqaarj6mdM/hgUzfPHcpkHJOn3mJAufFeeAxAzeGsr5X0M4k6fLZQ==

jquery-bridget@^1.1.0:
  version "1.1.0"
  resolved "https://registry.yarnpkg.com/jquery-bridget/-/jquery-bridget-1.1.0.tgz#d05dbac29b660b728939cae3a3ec219866d85139"
  integrity sha512-bCaa6mjKEJsB1nOt2sJ8rlbUGdT1F0eX31h6j6i1DmqHWZeY/5ikU8uHcrl1B3m9DeCy1YFOkhdCIoB3zVXmIQ==
  dependencies:
    jquery ">=1.4.2 <3"

"jquery@>=1.4.2 <3":
  version "2.2.4"
  resolved "https://registry.yarnpkg.com/jquery/-/jquery-2.2.4.tgz#2c89d6889b5eac522a7eea32c14521559c6cbf02"
  integrity sha512-lBHj60ezci2u1v2FqnZIraShGgEXq35qCzMv4lITyHGppTnA13rwR0MgwyNJh9TnDs3aXUvd1xjAotfraMHX/Q==

redline@^1.0.1:
  version "1.0.1"
  resolved "https://registry.yarnpkg.com/redline/-/redline-1.0.1.tgz#8c77648686a5dc3b8f67c072a94d095807ee4c2f"
  integrity sha512-13lGxf2cPQKHsiIi6FZOjzcSKZTYjIQb1WyDHbfCmxwLd4DDd3laSjqCnPK+FJG7mXwMSG5sQPmoN+e7qyumzg==
  dependencies:
    jquery-bridget "^1.1.0"
